
Microsoft Visual Studio Solution File, Format Version 12.00
# Visual Studio 2012
Project("{FAE04EC0-301F-11D3-BF4B-00C04F79EFBC}") = "BusTrackerWeb", "BusTrackerWeb\BusTrackerWeb.csproj", "{1B6B5D24-0E2A-4977-98F1-0FA9F6789E05}"
EndProject
Project("{FAE04EC0-301F-11D3-BF4B-00C04F79EFBC}") = "BusTrackerDomain.Test", "..\BusTrackerDomain\BusTrackerDomain.Test\BusTrackerDomain.Test.csproj", "{89EC8611-7B16-40CC-9690-5D1802CC3156}"
EndProject
Project("{FAE04EC0-301F-11D3-BF4B-00C04F79EFBC}") = "BusTrackerDomain", "..\BusTrackerDomain\BusTrackerDomain\BusTrackerDomain.csproj", "{BEBD4A84-059F-470A-9784-97799758CC64}"
EndProject
Project("{FAE04EC0-301F-11D3-BF4B-00C04F79EFBC}") = "SkanetrafikenServiceAgent", "SkanetrafikenServiceAgent\SkanetrafikenServiceAgent.csproj", "{DAF0814F-4EF2-4DE4-9B45-162C0BD2E12F}"
EndProject
Project("{FAE04EC0-301F-11D3-BF4B-00C04F79EFBC}") = "SkanetrafikenServiceAgent.Test", "SkanetrafikenServiceAgent.Test\SkanetrafikenServiceAgent.Test.csproj", "{1FED7C54-1605-4A6A-9DFA-851ED98C64BA}"
EndProject
Project("{FAE04EC0-301F-11D3-BF4B-00C04F79EFBC}") = "SkanetrafikenServiceAgent.IntegrationTest", "SkanetrafikenServiceAgent.IntegrationTest\SkanetrafikenServiceAgent.IntegrationTest.csproj", "{496B5EAB-3DDB-4C87-937E-1AB2A7A0299B}"
EndProject
Global
	GlobalSection(SolutionConfigurationPlatforms) = preSolution
		Debug|Any CPU = Debug|Any CPU
		Release|Any CPU = Release|Any CPU
	EndGlobalSection
	GlobalSection(ProjectConfigurationPlatforms) = postSolution
		{1B6B5D24-0E2A-4977-98F1-0FA9F6789E05}.Debug|Any CPU.ActiveCfg = Debug|Any CPU
		{1B6B5D24-0E2A-4977-98F1-0FA9F6789E05}.Debug|Any CPU.Build.0 = Debug|Any CPU
		{1B6B5D24-0E2A-4977-98F1-0FA9F6789E05}.Release|Any CPU.ActiveCfg = Release|Any CPU
		{1B6B5D24-0E2A-4977-98F1-0FA9F6789E05}.Release|Any CPU.Build.0 = Release|Any CPU
		{89EC8611-7B16-40CC-9690-5D1802CC3156}.Debug|Any CPU.ActiveCfg = Debug|Any CPU
		{89EC8611-7B16-40CC-9690-5D1802CC3156}.Debug|Any CPU.Build.0 = Debug|Any CPU
		{89EC8611-7B16-40CC-9690-5D1802CC3156}.Release|Any CPU.ActiveCfg = Release|Any CPU
		{89EC8611-7B16-40CC-9690-5D1802CC3156}.Release|Any CPU.Build.0 = Release|Any CPU
		{BEBD4A84-059F-470A-9784-97799758CC64}.Debug|Any CPU.ActiveCfg = Debug|Any CPU
		{BEBD4A84-059F-470A-9784-97799758CC64}.Debug|Any CPU.Build.0 = Debug|Any CPU
		{BEBD4A84-059F-470A-9784-97799758CC64}.Release|Any CPU.ActiveCfg = Release|Any CPU
		{BEBD4A84-059F-470A-9784-97799758CC64}.Release|Any CPU.Build.0 = Release|Any CPU
		{DAF0814F-4EF2-4DE4-9B45-162C0BD2E12F}.Debug|Any CPU.ActiveCfg = Debug|Any CPU
		{DAF0814F-4EF2-4DE4-9B45-162C0BD2E12F}.Debug|Any CPU.Build.0 = Debug|Any CPU
		{DAF0814F-4EF2-4DE4-9B45-162C0BD2E12F}.Release|Any CPU.ActiveCfg = Release|Any CPU
		{DAF0814F-4EF2-4DE4-9B45-162C0BD2E12F}.Release|Any CPU.Build.0 = Release|Any CPU
		{1FED7C54-1605-4A6A-9DFA-851ED98C64BA}.Debug|Any CPU.ActiveCfg = Debug|Any CPU
		{1FED7C54-1605-4A6A-9DFA-851ED98C64BA}.Debug|Any CPU.Build.0 = Debug|Any CPU
		{1FED7C54-1605-4A6A-9DFA-851ED98C64BA}.Release|Any CPU.ActiveCfg = Release|Any CPU
		{1FED7C54-1605-4A6A-9DFA-851ED98C64BA}.Release|Any CPU.Build.0 = Release|Any CPU
		{496B5EAB-3DDB-4C87-937E-1AB2A7A0299B}.Debug|Any CPU.ActiveCfg = Debug|Any CPU
		{496B5EAB-3DDB-4C87-937E-1AB2A7A0299B}.Debug|Any CPU.Build.0 = Debug|Any CPU
		{496B5EAB-3DDB-4C87-937E-1AB2A7A0299B}.Release|Any CPU.ActiveCfg = Release|Any CPU
		{496B5EAB-3DDB-4C87-937E-1AB2A7A0299B}.Release|Any CPU.Build.0 = Release|Any CPU
	EndGlobalSection
	GlobalSection(SolutionProperties) = preSolution
		HideSolutionNode = FALSE
	EndGlobalSection
EndGlobal
